
Microsoft Visual Studio Solution File, Format Version 9.00
# Visual Studio 2005
Project("{FAE04EC0-301F-11D3-BF4B-00C04F79EFBC}") = "wave_lib2", "wave_lib2.csproj", "{7379F310-D67C-4EFE-A27D-B70EA20A2183}"
EndProject
Global
	GlobalSection(SolutionConfigurationPlatforms) = preSolution
		Debug|Any CPU = Debug|Any CPU
		Release|Any CPU = Release|Any CPU
	EndGlobalSection
	GlobalSection(ProjectConfigurationPlatforms) = postSolution
		{7379F310-D67C-4EFE-A27D-B70EA20A2183}.Debug|Any CPU.ActiveCfg = Debug|Any CPU
		{7379F310-D67C-4EFE-A27D-B70EA20A2183}.Debug|Any CPU.Build.0 = Debug|Any CPU
		{7379F310-D67C-4EFE-A27D-B70EA20A2183}.Release|Any CPU.ActiveCfg = Release|Any CPU
		{7379F310-D67C-4EFE-A27D-B70EA20A2183}.Release|Any CPU.Build.0 = Release|Any CPU
	EndGlobalSection
	GlobalSection(MonoDevelopProperties) = preSolution
		StartupItem = wave_lib2.csproj
	EndGlobalSection
EndGlobal
